
Microsoft Visual Studio Solution File, Format Version 12.00
# Visual Studio Version 17
VisualStudioVersion = 17.5.33424.131
MinimumVisualStudioVersion = 10.0.40219.1
Project("{8BC9CEB8-8B4A-11D0-8D11-00A0C91BC942}") = "Application", "Application.vcxproj", "{4B3990E9-359E-4BC8-8252-0B3F36AA21E6}"
EndProject
Global
	GlobalSection(SolutionConfigurationPlatforms) = preSolution
		Debug|x64 = Debug|x64
		Release|x64 = Release|x64
	EndGlobalSection
	GlobalSection(ProjectConfigurationPlatforms) = postSolution
		{4B3990E9-359E-4BC8-8252-0B3F36AA21E6}.Debug|x64.ActiveCfg = Debug|x64
		{4B3990E9-359E-4BC8-8252-0B3F36AA21E6}.Debug|x64.Build.0 = Debug|x64
		{4B3990E9-359E-4BC8-8252-0B3F36AA21E6}.Release|x64.ActiveCfg = Release|x64
		{4B3990E9-359E-4BC8-8252-0B3F36AA21E6}.Release|x64.Build.0 = Release|x64
	EndGlobalSection
	GlobalSection(SolutionProperties) = preSolution
		HideSolutionNode = FALSE
	EndGlobalSection
	GlobalSection(ExtensibilityGlobals) = postSolution
		SolutionGuid = {0BF96DA3-8318-43ED-ACDE-8998B676CA43}
	EndGlobalSection
EndGlobal
